
Microsoft Visual Studio Solution File, Format Version 12.00
# Visual Studio Version 17
VisualStudioVersion = 17.3.32922.545
MinimumVisualStudioVersion = 10.0.40219.1
Project("{FAE04EC0-301F-11D3-BF4B-00C04F79EFBC}") = "SharedContracts.Events", "SharedContracts.Events\SharedContracts.Events.csproj", "{A3FA9321-E7B0-47AD-89EE-B15C239C3A71}"
EndProject
Global
	GlobalSection(SolutionConfigurationPlatforms) = preSolution
		Debug|Any CPU = Debug|Any CPU
		Release|Any CPU = Release|Any CPU
	EndGlobalSection
	GlobalSection(ProjectConfigurationPlatforms) = postSolution
		{A3FA9321-E7B0-47AD-89EE-B15C239C3A71}.Debug|Any CPU.ActiveCfg = Debug|Any CPU
		{A3FA9321-E7B0-47AD-89EE-B15C239C3A71}.Debug|Any CPU.Build.0 = Debug|Any CPU
		{A3FA9321-E7B0-47AD-89EE-B15C239C3A71}.Release|Any CPU.ActiveCfg = Release|Any CPU
		{A3FA9321-E7B0-47AD-89EE-B15C239C3A71}.Release|Any CPU.Build.0 = Release|Any CPU
	EndGlobalSection
	GlobalSection(SolutionProperties) = preSolution
		HideSolutionNode = FALSE
	EndGlobalSection
	GlobalSection(ExtensibilityGlobals) = postSolution
		SolutionGuid = {19809865-19F9-4DA9-AD17-A05F938EC18B}
	EndGlobalSection
EndGlobal
